
Microsoft Visual Studio Solution File, Format Version 12.00
# Visual Studio Version 17
VisualStudioVersion = 17.7.34003.232
MinimumVisualStudioVersion = 10.0.40219.1
Project("{FAE04EC0-301F-11D3-BF4B-00C04F79EFBC}") = "Lesson 2 Lab", "Lesson 2 Lab\Lesson 2 Lab.csproj", "{099EDCE0-81C3-4DE6-B14F-A0CFF6249742}"
EndProject
Global
	GlobalSection(SolutionConfigurationPlatforms) = preSolution
		Debug|Any CPU = Debug|Any CPU
		Release|Any CPU = Release|Any CPU
	EndGlobalSection
	GlobalSection(ProjectConfigurationPlatforms) = postSolution
		{099EDCE0-81C3-4DE6-B14F-A0CFF6249742}.Debug|Any CPU.ActiveCfg = Debug|Any CPU
		{099EDCE0-81C3-4DE6-B14F-A0CFF6249742}.Debug|Any CPU.Build.0 = Debug|Any CPU
		{099EDCE0-81C3-4DE6-B14F-A0CFF6249742}.Release|Any CPU.ActiveCfg = Release|Any CPU
		{099EDCE0-81C3-4DE6-B14F-A0CFF6249742}.Release|Any CPU.Build.0 = Release|Any CPU
	EndGlobalSection
	GlobalSection(SolutionProperties) = preSolution
		HideSolutionNode = FALSE
	EndGlobalSection
	GlobalSection(ExtensibilityGlobals) = postSolution
		SolutionGuid = {B156BCC8-60ED-42AC-9347-0BF8DB2EAE30}
	EndGlobalSection
EndGlobal
