
Microsoft Visual Studio Solution File, Format Version 12.00
# Visual Studio Version 17
VisualStudioVersion = 17.7.34024.191
MinimumVisualStudioVersion = 10.0.40219.1
Project("{FAE04EC0-301F-11D3-BF4B-00C04F79EFBC}") = "Testing", "Testing\Testing.csproj", "{27C0E7B4-C926-4CC0-B41C-1CBDA5D8015E}"
EndProject
Project("{FAE04EC0-301F-11D3-BF4B-00C04F79EFBC}") = "Lib", "Lib\Lib.csproj", "{B518607C-38A4-483B-B54C-182D2D1F4687}"
EndProject
Global
	GlobalSection(SolutionConfigurationPlatforms) = preSolution
		Debug|Any CPU = Debug|Any CPU
		Release|Any CPU = Release|Any CPU
	EndGlobalSection
	GlobalSection(ProjectConfigurationPlatforms) = postSolution
		{27C0E7B4-C926-4CC0-B41C-1CBDA5D8015E}.Debug|Any CPU.ActiveCfg = Debug|Any CPU
		{27C0E7B4-C926-4CC0-B41C-1CBDA5D8015E}.Debug|Any CPU.Build.0 = Debug|Any CPU
		{27C0E7B4-C926-4CC0-B41C-1CBDA5D8015E}.Release|Any CPU.ActiveCfg = Release|Any CPU
		{27C0E7B4-C926-4CC0-B41C-1CBDA5D8015E}.Release|Any CPU.Build.0 = Release|Any CPU
		{B518607C-38A4-483B-B54C-182D2D1F4687}.Debug|Any CPU.ActiveCfg = Debug|Any CPU
		{B518607C-38A4-483B-B54C-182D2D1F4687}.Debug|Any CPU.Build.0 = Debug|Any CPU
		{B518607C-38A4-483B-B54C-182D2D1F4687}.Release|Any CPU.ActiveCfg = Release|Any CPU
		{B518607C-38A4-483B-B54C-182D2D1F4687}.Release|Any CPU.Build.0 = Release|Any CPU
	EndGlobalSection
	GlobalSection(SolutionProperties) = preSolution
		HideSolutionNode = FALSE
	EndGlobalSection
	GlobalSection(ExtensibilityGlobals) = postSolution
		SolutionGuid = {6353C71F-84D0-4100-BD41-631AADC70487}
	EndGlobalSection
EndGlobal
