
Microsoft Visual Studio Solution File, Format Version 12.00
# Visual Studio Version 17
VisualStudioVersion = 17.7.34024.191
MinimumVisualStudioVersion = 10.0.40219.1
Project("{FAE04EC0-301F-11D3-BF4B-00C04F79EFBC}") = "BinaryTreeTest Project", "BinaryTreeTest Project\BinaryTreeTest Project.csproj", "{8D4D28BD-6A2C-4858-869F-FC906A07F128}"
EndProject
Project("{FAE04EC0-301F-11D3-BF4B-00C04F79EFBC}") = "BinaryTree Project", "BinaryTree Project\BinaryTree Project.csproj", "{ABAB2A31-7C2A-44C3-B6C6-4ADF131CF19D}"
EndProject
Global
	GlobalSection(SolutionConfigurationPlatforms) = preSolution
		Debug|Any CPU = Debug|Any CPU
		Release|Any CPU = Release|Any CPU
	EndGlobalSection
	GlobalSection(ProjectConfigurationPlatforms) = postSolution
		{8D4D28BD-6A2C-4858-869F-FC906A07F128}.Debug|Any CPU.ActiveCfg = Debug|Any CPU
		{8D4D28BD-6A2C-4858-869F-FC906A07F128}.Debug|Any CPU.Build.0 = Debug|Any CPU
		{8D4D28BD-6A2C-4858-869F-FC906A07F128}.Release|Any CPU.ActiveCfg = Release|Any CPU
		{8D4D28BD-6A2C-4858-869F-FC906A07F128}.Release|Any CPU.Build.0 = Release|Any CPU
		{ABAB2A31-7C2A-44C3-B6C6-4ADF131CF19D}.Debug|Any CPU.ActiveCfg = Debug|Any CPU
		{ABAB2A31-7C2A-44C3-B6C6-4ADF131CF19D}.Debug|Any CPU.Build.0 = Debug|Any CPU
		{ABAB2A31-7C2A-44C3-B6C6-4ADF131CF19D}.Release|Any CPU.ActiveCfg = Release|Any CPU
		{ABAB2A31-7C2A-44C3-B6C6-4ADF131CF19D}.Release|Any CPU.Build.0 = Release|Any CPU
	EndGlobalSection
	GlobalSection(SolutionProperties) = preSolution
		HideSolutionNode = FALSE
	EndGlobalSection
	GlobalSection(ExtensibilityGlobals) = postSolution
		SolutionGuid = {BB0D5557-5E0F-4A46-B12B-A033B32A105F}
	EndGlobalSection
EndGlobal
